
Microsoft Visual Studio Solution File, Format Version 12.00
# Visual Studio Version 16
VisualStudioVersion = 16.0.30011.22
MinimumVisualStudioVersion = 10.0.40219.1
Project("{FAE04EC0-301F-11D3-BF4B-00C04F79EFBC}") = "FinwavePortal", "FinwavePortal\FinwavePortal.csproj", "{644E26DF-854D-4F3E-A615-E3EFA148EE4D}"
EndProject
Global
	GlobalSection(SolutionConfigurationPlatforms) = preSolution
		Debug|Any CPU = Debug|Any CPU
		Release|Any CPU = Release|Any CPU
	EndGlobalSection
	GlobalSection(ProjectConfigurationPlatforms) = postSolution
		{644E26DF-854D-4F3E-A615-E3EFA148EE4D}.Debug|Any CPU.ActiveCfg = Debug|Any CPU
		{644E26DF-854D-4F3E-A615-E3EFA148EE4D}.Debug|Any CPU.Build.0 = Debug|Any CPU
		{644E26DF-854D-4F3E-A615-E3EFA148EE4D}.Release|Any CPU.ActiveCfg = Release|Any CPU
		{644E26DF-854D-4F3E-A615-E3EFA148EE4D}.Release|Any CPU.Build.0 = Release|Any CPU
	EndGlobalSection
	GlobalSection(SolutionProperties) = preSolution
		HideSolutionNode = FALSE
	EndGlobalSection
	GlobalSection(ExtensibilityGlobals) = postSolution
		SolutionGuid = {CAC03BA4-56ED-4F3B-B134-62DE6B10F25C}
	EndGlobalSection
EndGlobal
